
Microsoft Visual Studio Solution File, Format Version 12.00
# Visual Studio Version 17
VisualStudioVersion = 17.9.34701.34
MinimumVisualStudioVersion = 10.0.40219.1
Project("{FAE04EC0-301F-11D3-BF4B-00C04F79EFBC}") = "STMS", "STMS.csproj", "{BAAFFA38-60FE-4476-AD71-D0D115E81FAC}"
EndProject
Project("{FAE04EC0-301F-11D3-BF4B-00C04F79EFBC}") = "BLL", "..\BLL\BLL.csproj", "{F226F9FF-250A-4539-BF3D-2A33B29E8DEA}"
EndProject
Project("{FAE04EC0-301F-11D3-BF4B-00C04F79EFBC}") = "DAL", "..\DAL\DAL.csproj", "{BB775C41-93A1-402F-B3C0-64805DB7613B}"
EndProject
Project("{FAE04EC0-301F-11D3-BF4B-00C04F79EFBC}") = "Model", "..\Model\Model.csproj", "{86D0DC50-E783-425C-81FD-C9D5A2BD5FD2}"
EndProject
Global
	GlobalSection(SolutionConfigurationPlatforms) = preSolution
		Debug|Any CPU = Debug|Any CPU
		Release|Any CPU = Release|Any CPU
	EndGlobalSection
	GlobalSection(ProjectConfigurationPlatforms) = postSolution
		{BAAFFA38-60FE-4476-AD71-D0D115E81FAC}.Debug|Any CPU.ActiveCfg = Debug|Any CPU
		{BAAFFA38-60FE-4476-AD71-D0D115E81FAC}.Debug|Any CPU.Build.0 = Debug|Any CPU
		{BAAFFA38-60FE-4476-AD71-D0D115E81FAC}.Release|Any CPU.ActiveCfg = Release|Any CPU
		{BAAFFA38-60FE-4476-AD71-D0D115E81FAC}.Release|Any CPU.Build.0 = Release|Any CPU
		{F226F9FF-250A-4539-BF3D-2A33B29E8DEA}.Debug|Any CPU.ActiveCfg = Debug|Any CPU
		{F226F9FF-250A-4539-BF3D-2A33B29E8DEA}.Debug|Any CPU.Build.0 = Debug|Any CPU
		{F226F9FF-250A-4539-BF3D-2A33B29E8DEA}.Release|Any CPU.ActiveCfg = Release|Any CPU
		{F226F9FF-250A-4539-BF3D-2A33B29E8DEA}.Release|Any CPU.Build.0 = Release|Any CPU
		{BB775C41-93A1-402F-B3C0-64805DB7613B}.Debug|Any CPU.ActiveCfg = Debug|Any CPU
		{BB775C41-93A1-402F-B3C0-64805DB7613B}.Debug|Any CPU.Build.0 = Debug|Any CPU
		{BB775C41-93A1-402F-B3C0-64805DB7613B}.Release|Any CPU.ActiveCfg = Release|Any CPU
		{BB775C41-93A1-402F-B3C0-64805DB7613B}.Release|Any CPU.Build.0 = Release|Any CPU
		{86D0DC50-E783-425C-81FD-C9D5A2BD5FD2}.Debug|Any CPU.ActiveCfg = Debug|Any CPU
		{86D0DC50-E783-425C-81FD-C9D5A2BD5FD2}.Debug|Any CPU.Build.0 = Debug|Any CPU
		{86D0DC50-E783-425C-81FD-C9D5A2BD5FD2}.Release|Any CPU.ActiveCfg = Release|Any CPU
		{86D0DC50-E783-425C-81FD-C9D5A2BD5FD2}.Release|Any CPU.Build.0 = Release|Any CPU
	EndGlobalSection
	GlobalSection(SolutionProperties) = preSolution
		HideSolutionNode = FALSE
	EndGlobalSection
	GlobalSection(ExtensibilityGlobals) = postSolution
		SolutionGuid = {B7AB0776-28A7-4D10-AFA1-02670BDB75C9}
	EndGlobalSection
EndGlobal
